
Microsoft Visual Studio Solution File, Format Version 12.00
# Visual Studio 15
VisualStudioVersion = 15.0.28307.438
MinimumVisualStudioVersion = 10.0.40219.1
Project("{FAE04EC0-301F-11D3-BF4B-00C04F79EFBC}") = "Downtime", "src\Downtime\Downtime.csproj", "{355B62DC-5A46-44E3-B33A-F0CA6FD52C5A}"
EndProject
Global
	GlobalSection(SolutionConfigurationPlatforms) = preSolution
		Debug|Any CPU = Debug|Any CPU
		Release|Any CPU = Release|Any CPU
	EndGlobalSection
	GlobalSection(ProjectConfigurationPlatforms) = postSolution
		{355B62DC-5A46-44E3-B33A-F0CA6FD52C5A}.Debug|Any CPU.ActiveCfg = Debug|Any CPU
		{355B62DC-5A46-44E3-B33A-F0CA6FD52C5A}.Debug|Any CPU.Build.0 = Debug|Any CPU
		{355B62DC-5A46-44E3-B33A-F0CA6FD52C5A}.Release|Any CPU.ActiveCfg = Release|Any CPU
		{355B62DC-5A46-44E3-B33A-F0CA6FD52C5A}.Release|Any CPU.Build.0 = Release|Any CPU
	EndGlobalSection
	GlobalSection(SolutionProperties) = preSolution
		HideSolutionNode = FALSE
	EndGlobalSection
	GlobalSection(ExtensibilityGlobals) = postSolution
		SolutionGuid = {B3163899-0E91-47A3-B3E8-39640935C792}
	EndGlobalSection
EndGlobal
